SITE
  remote: http://community.opscode.com/api/v1
  specs:
    chef-client (3.6.0)
      cron (>= 1.2.0)
      logrotate (>= 1.2.0)
    chef-server (2.1.6)
    cron (1.4.0)
    logrotate (1.6.0)
    swap (0.3.6)
    swap_tuning (0.1.0)
      swap (>= 0.0.0)

DEPENDENCIES
  chef-client (>= 0)
  chef-server (>= 0)
  swap (>= 0)
  swap_tuning (>= 0)

